
Microsoft Visual Studio Solution File, Format Version 12.00
# Visual Studio Version 16
VisualStudioVersion = 16.0.29102.190
MinimumVisualStudioVersion = 10.0.40219.1
Project("{FAE04EC0-301F-11D3-BF4B-00C04F79EFBC}") = "Paypaycloud.BackgroundWorker", "Paypaycloud.BackgroundWorker\Paypaycloud.BackgroundWorker.csproj", "{D96EFC8F-F74C-45D9-9A08-425BA6ED1953}"
EndProject
Global
	GlobalSection(SolutionConfigurationPlatforms) = preSolution
		Debug|Any CPU = Debug|Any CPU
		Release|Any CPU = Release|Any CPU
	EndGlobalSection
	GlobalSection(ProjectConfigurationPlatforms) = postSolution
		{D96EFC8F-F74C-45D9-9A08-425BA6ED1953}.Debug|Any CPU.ActiveCfg = Debug|Any CPU
		{D96EFC8F-F74C-45D9-9A08-425BA6ED1953}.Debug|Any CPU.Build.0 = Debug|Any CPU
		{D96EFC8F-F74C-45D9-9A08-425BA6ED1953}.Release|Any CPU.ActiveCfg = Release|Any CPU
		{D96EFC8F-F74C-45D9-9A08-425BA6ED1953}.Release|Any CPU.Build.0 = Release|Any CPU
	EndGlobalSection
	GlobalSection(SolutionProperties) = preSolution
		HideSolutionNode = FALSE
	EndGlobalSection
	GlobalSection(ExtensibilityGlobals) = postSolution
		SolutionGuid = {4BEF0EE7-024C-4B76-BE42-0BA23E1C4F8D}
	EndGlobalSection
EndGlobal
